
Microsoft Visual Studio Solution File, Format Version 12.00
# Visual Studio Version 17
VisualStudioVersion = 17.5.33424.131
MinimumVisualStudioVersion = 10.0.40219.1
Project("{FAE04EC0-301F-11D3-BF4B-00C04F79EFBC}") = "chain-of-responsibility-pattern", "chain-of-responsibility-pattern.csproj", "{B031B3E0-35DB-4620-B362-60067ABFD3EA}"
EndProject
Global
	GlobalSection(SolutionConfigurationPlatforms) = preSolution
		Debug|Any CPU = Debug|Any CPU
		Release|Any CPU = Release|Any CPU
	EndGlobalSection
	GlobalSection(ProjectConfigurationPlatforms) = postSolution
		{B031B3E0-35DB-4620-B362-60067ABFD3EA}.Debug|Any CPU.ActiveCfg = Debug|Any CPU
		{B031B3E0-35DB-4620-B362-60067ABFD3EA}.Debug|Any CPU.Build.0 = Debug|Any CPU
		{B031B3E0-35DB-4620-B362-60067ABFD3EA}.Release|Any CPU.ActiveCfg = Release|Any CPU
		{B031B3E0-35DB-4620-B362-60067ABFD3EA}.Release|Any CPU.Build.0 = Release|Any CPU
	EndGlobalSection
	GlobalSection(SolutionProperties) = preSolution
		HideSolutionNode = FALSE
	EndGlobalSection
	GlobalSection(ExtensibilityGlobals) = postSolution
		SolutionGuid = {8883A937-314A-444C-B3F3-DC065FA36DE7}
	EndGlobalSection
EndGlobal
